
Microsoft Visual Studio Solution File, Format Version 12.00
# Visual Studio Version 17
VisualStudioVersion = 17.8.34309.116
MinimumVisualStudioVersion = 10.0.40219.1
Project("{9A19103F-16F7-4668-BE54-9A1E7A4F7556}") = "Tractus.WinAudioControlApi", "Tractus.WinAudioControlApi.csproj", "{C9DED500-2CDC-4A6B-A424-273876CDD34D}"
EndProject
Global
	GlobalSection(SolutionConfigurationPlatforms) = preSolution
		Debug|Any CPU = Debug|Any CPU
		Release|Any CPU = Release|Any CPU
	EndGlobalSection
	GlobalSection(ProjectConfigurationPlatforms) = postSolution
		{C9DED500-2CDC-4A6B-A424-273876CDD34D}.Debug|Any CPU.ActiveCfg = Debug|Any CPU
		{C9DED500-2CDC-4A6B-A424-273876CDD34D}.Debug|Any CPU.Build.0 = Debug|Any CPU
		{C9DED500-2CDC-4A6B-A424-273876CDD34D}.Release|Any CPU.ActiveCfg = Release|Any CPU
		{C9DED500-2CDC-4A6B-A424-273876CDD34D}.Release|Any CPU.Build.0 = Release|Any CPU
	EndGlobalSection
	GlobalSection(SolutionProperties) = preSolution
		HideSolutionNode = FALSE
	EndGlobalSection
	GlobalSection(ExtensibilityGlobals) = postSolution
		SolutionGuid = {14F0DE88-5FEC-421F-A52F-7887127B03EB}
	EndGlobalSection
EndGlobal
